
Microsoft Visual Studio Solution File, Format Version 11.00
# Visual Studio 2010
Project("{FAE04EC0-301F-11D3-BF4B-00C04F79EFBC}") = "squiz-grom", "Assembly-CSharp.csproj", "{21551B4C-4DEB-3D21-4F8C-C0CB52750AF1}"
EndProject
Project("{FAE04EC0-301F-11D3-BF4B-00C04F79EFBC}") = "squiz-grom", "Assembly-CSharp-Editor.csproj", "{5EA3903E-A4D5-1D2C-9DF4-8DB300AC7AB8}"
EndProject
Global
	GlobalSection(SolutionConfigurationPlatforms) = preSolution
		Debug|Any CPU = Debug|Any CPU
		Release|Any CPU = Release|Any CPU
	EndGlobalSection
	GlobalSection(ProjectConfigurationPlatforms) = postSolution
		{21551B4C-4DEB-3D21-4F8C-C0CB52750AF1}.Debug|Any CPU.ActiveCfg = Debug|Any CPU
		{21551B4C-4DEB-3D21-4F8C-C0CB52750AF1}.Debug|Any CPU.Build.0 = Debug|Any CPU
		{21551B4C-4DEB-3D21-4F8C-C0CB52750AF1}.Release|Any CPU.ActiveCfg = Release|Any CPU
		{21551B4C-4DEB-3D21-4F8C-C0CB52750AF1}.Release|Any CPU.Build.0 = Release|Any CPU
		{5EA3903E-A4D5-1D2C-9DF4-8DB300AC7AB8}.Debug|Any CPU.ActiveCfg = Debug|Any CPU
		{5EA3903E-A4D5-1D2C-9DF4-8DB300AC7AB8}.Debug|Any CPU.Build.0 = Debug|Any CPU
		{5EA3903E-A4D5-1D2C-9DF4-8DB300AC7AB8}.Release|Any CPU.ActiveCfg = Release|Any CPU
		{5EA3903E-A4D5-1D2C-9DF4-8DB300AC7AB8}.Release|Any CPU.Build.0 = Release|Any CPU
	EndGlobalSection
	GlobalSection(SolutionProperties) = preSolution
		HideSolutionNode = FALSE
	EndGlobalSection
	GlobalSection(MonoDevelopProperties) = preSolution
		StartupItem = Assembly-CSharp.csproj
	EndGlobalSection
EndGlobal
