
Microsoft Visual Studio Solution File, Format Version 11.00
# Visual Studio 2010
Project("{FAE04EC0-301F-11D3-BF4B-00C04F79EFBC}") = "subbo", "Assembly-CSharp.csproj", "{31C0FB5C-76FB-A164-7339-B9C5775740CF}"
EndProject
Project("{FAE04EC0-301F-11D3-BF4B-00C04F79EFBC}") = "subbo", "Assembly-CSharp-Editor.csproj", "{ED2714AE-58D7-1728-2E41-4BB9F4ADBF25}"
EndProject
Global
	GlobalSection(SolutionConfigurationPlatforms) = preSolution
		Debug|Any CPU = Debug|Any CPU
		Release|Any CPU = Release|Any CPU
	EndGlobalSection
	GlobalSection(ProjectConfigurationPlatforms) = postSolution
		{31C0FB5C-76FB-A164-7339-B9C5775740CF}.Debug|Any CPU.ActiveCfg = Debug|Any CPU
		{31C0FB5C-76FB-A164-7339-B9C5775740CF}.Debug|Any CPU.Build.0 = Debug|Any CPU
		{31C0FB5C-76FB-A164-7339-B9C5775740CF}.Release|Any CPU.ActiveCfg = Release|Any CPU
		{31C0FB5C-76FB-A164-7339-B9C5775740CF}.Release|Any CPU.Build.0 = Release|Any CPU
		{ED2714AE-58D7-1728-2E41-4BB9F4ADBF25}.Debug|Any CPU.ActiveCfg = Debug|Any CPU
		{ED2714AE-58D7-1728-2E41-4BB9F4ADBF25}.Debug|Any CPU.Build.0 = Debug|Any CPU
		{ED2714AE-58D7-1728-2E41-4BB9F4ADBF25}.Release|Any CPU.ActiveCfg = Release|Any CPU
		{ED2714AE-58D7-1728-2E41-4BB9F4ADBF25}.Release|Any CPU.Build.0 = Release|Any CPU
	EndGlobalSection
	GlobalSection(SolutionProperties) = preSolution
		HideSolutionNode = FALSE
	EndGlobalSection
	GlobalSection(MonoDevelopProperties) = preSolution
		StartupItem = Assembly-CSharp.csproj
	EndGlobalSection
EndGlobal
